Microsoft Visual Studio Solution File, Format Version 12.00
# Visual Studio Version 17
VisualStudioVersion = 17.5.2.0
MinimumVisualStudioVersion = 10.0.40219.1
Project("{2150E333-8FDC-42A3-9474-1A3956D46DE8}") = "BioDash", "BioDash", "{135413EF-48CB-745B-27A6-AE994D420F0E}"
EndProject
Project("{FAE04EC0-301F-11D3-BF4B-00C04F79EFBC}") = "BioDash.Api", "BioDash\BioDash.Api\BioDash.Api.csproj", "{0B0E45BC-4883-F118-55FF-6D6AEEBBCE6D}"
EndProject
Global
	GlobalSection(SolutionConfigurationPlatforms) = preSolution
		Debug|Any CPU = Debug|Any CPU
		Release|Any CPU = Release|Any CPU
	EndGlobalSection
	GlobalSection(ProjectConfigurationPlatforms) = postSolution
		{0B0E45BC-4883-F118-55FF-6D6AEEBBCE6D}.Debug|Any CPU.ActiveCfg = Debug|Any CPU
		{0B0E45BC-4883-F118-55FF-6D6AEEBBCE6D}.Debug|Any CPU.Build.0 = Debug|Any CPU
		{0B0E45BC-4883-F118-55FF-6D6AEEBBCE6D}.Release|Any CPU.ActiveCfg = Release|Any CPU
		{0B0E45BC-4883-F118-55FF-6D6AEEBBCE6D}.Release|Any CPU.Build.0 = Release|Any CPU
	EndGlobalSection
	GlobalSection(SolutionProperties) = preSolution
		HideSolutionNode = FALSE
	EndGlobalSection
	GlobalSection(NestedProjects) = preSolution
		{0B0E45BC-4883-F118-55FF-6D6AEEBBCE6D} = {135413EF-48CB-745B-27A6-AE994D420F0E}
	EndGlobalSection
	GlobalSection(ExtensibilityGlobals) = postSolution
		SolutionGuid = {4A00392D-86A0-4A4B-8D63-E49BB5F7D95E}
	EndGlobalSection
EndGlobal
